
Microsoft Visual Studio Solution File, Format Version 12.00
# Visual Studio Version 17
VisualStudioVersion = 17.11.35312.102
MinimumVisualStudioVersion = 10.0.40219.1
Project("{FAE04EC0-301F-11D3-BF4B-00C04F79EFBC}") = "ejercicio 3", "ejercicio 3\ejercicio 3.csproj", "{3C7356C3-ED3A-4741-96CA-A01C288F11B2}"
EndProject
Global
	GlobalSection(SolutionConfigurationPlatforms) = preSolution
		Debug|Any CPU = Debug|Any CPU
		Release|Any CPU = Release|Any CPU
	EndGlobalSection
	GlobalSection(ProjectConfigurationPlatforms) = postSolution
		{3C7356C3-ED3A-4741-96CA-A01C288F11B2}.Debug|Any CPU.ActiveCfg = Debug|Any CPU
		{3C7356C3-ED3A-4741-96CA-A01C288F11B2}.Debug|Any CPU.Build.0 = Debug|Any CPU
		{3C7356C3-ED3A-4741-96CA-A01C288F11B2}.Release|Any CPU.ActiveCfg = Release|Any CPU
		{3C7356C3-ED3A-4741-96CA-A01C288F11B2}.Release|Any CPU.Build.0 = Release|Any CPU
	EndGlobalSection
	GlobalSection(SolutionProperties) = preSolution
		HideSolutionNode = FALSE
	EndGlobalSection
	GlobalSection(ExtensibilityGlobals) = postSolution
		SolutionGuid = {BDBEE0F7-582F-4178-B433-156937C85CFF}
	EndGlobalSection
EndGlobal
